
Microsoft Visual Studio Solution File, Format Version 12.00
# Visual Studio Version 17
VisualStudioVersion = 17.5.002.0
MinimumVisualStudioVersion = 10.0.40219.1
Project("{9A19103F-16F7-4668-BE54-9A1E7A4F7556}") = "DesafioFundamentos", "DesafioFundamentos\DesafioFundamentos.csproj", "{A25437A8-3466-4E99-9E68-5CEFF9C21975}"
EndProject
Global
	GlobalSection(SolutionConfigurationPlatforms) = preSolution
		Debug|Any CPU = Debug|Any CPU
		Release|Any CPU = Release|Any CPU
	EndGlobalSection
	GlobalSection(ProjectConfigurationPlatforms) = postSolution
		{A25437A8-3466-4E99-9E68-5CEFF9C21975}.Debug|Any CPU.ActiveCfg = Debug|Any CPU
		{A25437A8-3466-4E99-9E68-5CEFF9C21975}.Debug|Any CPU.Build.0 = Debug|Any CPU
		{A25437A8-3466-4E99-9E68-5CEFF9C21975}.Release|Any CPU.ActiveCfg = Release|Any CPU
		{A25437A8-3466-4E99-9E68-5CEFF9C21975}.Release|Any CPU.Build.0 = Release|Any CPU
	EndGlobalSection
	GlobalSection(SolutionProperties) = preSolution
		HideSolutionNode = FALSE
	EndGlobalSection
	GlobalSection(ExtensibilityGlobals) = postSolution
		SolutionGuid = {3C221328-EDA9-4246-BCA1-111A465ACFEF}
	EndGlobalSection
EndGlobal
